
Microsoft Visual Studio Solution File, Format Version 12.00
# Visual Studio Version 17
VisualStudioVersion = 17.10.35027.167
MinimumVisualStudioVersion = 10.0.40219.1
Project("{FAE04EC0-301F-11D3-BF4B-00C04F79EFBC}") = "BattleShipGame", "BattleShipGame\BattleShipGame.csproj", "{E82682F1-B7AA-4FD2-B513-9763D0511400}"
EndProject
Global
	GlobalSection(SolutionConfigurationPlatforms) = preSolution
		Debug|Any CPU = Debug|Any CPU
		Release|Any CPU = Release|Any CPU
	EndGlobalSection
	GlobalSection(ProjectConfigurationPlatforms) = postSolution
		{E82682F1-B7AA-4FD2-B513-9763D0511400}.Debug|Any CPU.ActiveCfg = Debug|Any CPU
		{E82682F1-B7AA-4FD2-B513-9763D0511400}.Debug|Any CPU.Build.0 = Debug|Any CPU
		{E82682F1-B7AA-4FD2-B513-9763D0511400}.Release|Any CPU.ActiveCfg = Release|Any CPU
		{E82682F1-B7AA-4FD2-B513-9763D0511400}.Release|Any CPU.Build.0 = Release|Any CPU
	EndGlobalSection
	GlobalSection(SolutionProperties) = preSolution
		HideSolutionNode = FALSE
	EndGlobalSection
	GlobalSection(ExtensibilityGlobals) = postSolution
		SolutionGuid = {8CD6E07C-693C-4B66-A38B-FF8446114AF3}
	EndGlobalSection
EndGlobal
